
Microsoft Visual Studio Solution File, Format Version 12.00
# Visual Studio Version 17
VisualStudioVersion = 17.10.35013.160
MinimumVisualStudioVersion = 10.0.40219.1
Project("{FAE04EC0-301F-11D3-BF4B-00C04F79EFBC}") = "123", "123.csproj", "{14456195-9D9B-4973-BE17-F5A227C5D7FF}"
EndProject
Global
	GlobalSection(SolutionConfigurationPlatforms) = preSolution
		Debug|Any CPU = Debug|Any CPU
		Release|Any CPU = Release|Any CPU
	EndGlobalSection
	GlobalSection(ProjectConfigurationPlatforms) = postSolution
		{14456195-9D9B-4973-BE17-F5A227C5D7FF}.Debug|Any CPU.ActiveCfg = Debug|Any CPU
		{14456195-9D9B-4973-BE17-F5A227C5D7FF}.Debug|Any CPU.Build.0 = Debug|Any CPU
		{14456195-9D9B-4973-BE17-F5A227C5D7FF}.Release|Any CPU.ActiveCfg = Release|Any CPU
		{14456195-9D9B-4973-BE17-F5A227C5D7FF}.Release|Any CPU.Build.0 = Release|Any CPU
	EndGlobalSection
	GlobalSection(SolutionProperties) = preSolution
		HideSolutionNode = FALSE
	EndGlobalSection
	GlobalSection(ExtensibilityGlobals) = postSolution
		SolutionGuid = {A5B7E12C-8EA9-4C7D-9866-C3D01AA288AD}
	EndGlobalSection
EndGlobal
